
Microsoft Visual Studio Solution File, Format Version 12.00
# Visual Studio Version 17
VisualStudioVersion = 17.9.34714.143
MinimumVisualStudioVersion = 10.0.40219.1
Project("{9A19103F-16F7-4668-BE54-9A1E7A4F7556}") = "PasswordManager.API", "PasswordManager.API\PasswordManager.API.csproj", "{68C11858-BD61-4D81-A850-C12162A50A95}"
EndProject
Project("{9A19103F-16F7-4668-BE54-9A1E7A4F7556}") = "PasswordManager.Core", "PasswordManager.Core\PasswordManager.Core.csproj", "{A14CCC93-7181-4054-BFD6-BD7E075E8F99}"
EndProject
Project("{9A19103F-16F7-4668-BE54-9A1E7A4F7556}") = "PasswordManager.DataAccess", "PasswordManager.DataAccess\PasswordManager.DataAccess.csproj", "{9150C535-20BB-4D62-962D-9C51C266275F}"
EndProject
Project("{E53339B2-1760-4266-BCC7-CA923CBCF16C}") = "docker-compose", "docker-compose.dcproj", "{3B433822-0C37-429A-91B9-DEA4CC74C001}"
EndProject
Project("{FAE04EC0-301F-11D3-BF4B-00C04F79EFBC}") = "PasswordManager.Application", "PasswordManager.Application\PasswordManager.Application.csproj", "{862FE214-2890-4C73-AD5C-235E60A52B42}"
EndProject
Global
	GlobalSection(SolutionConfigurationPlatforms) = preSolution
		Debug|Any CPU = Debug|Any CPU
		Release|Any CPU = Release|Any CPU
	EndGlobalSection
	GlobalSection(ProjectConfigurationPlatforms) = postSolution
		{68C11858-BD61-4D81-A850-C12162A50A95}.Debug|Any CPU.ActiveCfg = Debug|Any CPU
		{68C11858-BD61-4D81-A850-C12162A50A95}.Debug|Any CPU.Build.0 = Debug|Any CPU
		{68C11858-BD61-4D81-A850-C12162A50A95}.Release|Any CPU.ActiveCfg = Release|Any CPU
		{68C11858-BD61-4D81-A850-C12162A50A95}.Release|Any CPU.Build.0 = Release|Any CPU
		{A14CCC93-7181-4054-BFD6-BD7E075E8F99}.Debug|Any CPU.ActiveCfg = Debug|Any CPU
		{A14CCC93-7181-4054-BFD6-BD7E075E8F99}.Debug|Any CPU.Build.0 = Debug|Any CPU
		{A14CCC93-7181-4054-BFD6-BD7E075E8F99}.Release|Any CPU.ActiveCfg = Release|Any CPU
		{A14CCC93-7181-4054-BFD6-BD7E075E8F99}.Release|Any CPU.Build.0 = Release|Any CPU
		{9150C535-20BB-4D62-962D-9C51C266275F}.Debug|Any CPU.ActiveCfg = Debug|Any CPU
		{9150C535-20BB-4D62-962D-9C51C266275F}.Debug|Any CPU.Build.0 = Debug|Any CPU
		{9150C535-20BB-4D62-962D-9C51C266275F}.Release|Any CPU.ActiveCfg = Release|Any CPU
		{9150C535-20BB-4D62-962D-9C51C266275F}.Release|Any CPU.Build.0 = Release|Any CPU
		{3B433822-0C37-429A-91B9-DEA4CC74C001}.Debug|Any CPU.ActiveCfg = Debug|Any CPU
		{3B433822-0C37-429A-91B9-DEA4CC74C001}.Debug|Any CPU.Build.0 = Debug|Any CPU
		{3B433822-0C37-429A-91B9-DEA4CC74C001}.Release|Any CPU.ActiveCfg = Release|Any CPU
		{3B433822-0C37-429A-91B9-DEA4CC74C001}.Release|Any CPU.Build.0 = Release|Any CPU
		{862FE214-2890-4C73-AD5C-235E60A52B42}.Debug|Any CPU.ActiveCfg = Debug|Any CPU
		{862FE214-2890-4C73-AD5C-235E60A52B42}.Debug|Any CPU.Build.0 = Debug|Any CPU
		{862FE214-2890-4C73-AD5C-235E60A52B42}.Release|Any CPU.ActiveCfg = Release|Any CPU
		{862FE214-2890-4C73-AD5C-235E60A52B42}.Release|Any CPU.Build.0 = Release|Any CPU
	EndGlobalSection
	GlobalSection(SolutionProperties) = preSolution
		HideSolutionNode = FALSE
	EndGlobalSection
	GlobalSection(ExtensibilityGlobals) = postSolution
		SolutionGuid = {EDD99344-D1B7-4F59-94CF-0963AA5A8CA5}
	EndGlobalSection
EndGlobal
